<?xml version="1.0" encoding="utf-8"?>
<Project ToolsVersion="4.0" xmlns="http://schemas.microsoft.com/developer/msbuild/2003">
  <ItemGroup>
    <Filter Include="win32">
      <UniqueIdentifier>{84a8ebd7-7cf0-47f6-b75e-d441df67da40}</UniqueIdentifier>
    </Filter>
    <Filter Include="Classes">
      <UniqueIdentifier>{bb6c862e-70e9-49d9-81b7-3829a6f50471}</UniqueIdentifier>
    </Filter>
    <Filter Include="Classes\GameScene">
      <UniqueIdentifier>{6fbee356-bdd5-4408-9fe7-de4f5c4afd79}</UniqueIdentifier>
    </Filter>
    <Filter Include="Classes\LoginScene">
      <UniqueIdentifier>{d1fbc5f3-c88b-47b3-8816-30ea22ff3653}</UniqueIdentifier>
    </Filter>
    <Filter Include="Classes\Entity">
      <UniqueIdentifier>{34d706c0-2cae-493b-aadd-fba12920a098}</UniqueIdentifier>
    </Filter>
    <Filter Include="Classes\Box2d">
      <UniqueIdentifier>{596af188-18a4-44f8-8ea3-96780c5c1a43}</UniqueIdentifier>
    </Filter>
  </ItemGroup>
  <ItemGroup>
    <ClCompile Include="main.cpp">
      <Filter>win32</Filter>
    </ClCompile>
    <ClCompile Include="..\Classes\AppDelegate.cpp">
      <Filter>Classes</Filter>
    </ClCompile>
    <ClCompile Include="..\Classes\HelloWorldScene.cpp">
      <Filter>Classes</Filter>
    </ClCompile>
    <ClCompile Include="..\Classes\LoginLayer.cpp">
      <Filter>Classes\LoginScene</Filter>
    </ClCompile>
    <ClCompile Include="..\Classes\LoginScene.cpp">
      <Filter>Classes\LoginScene</Filter>
    </ClCompile>
    <ClCompile Include="..\Classes\SettingScene.cpp">
      <Filter>Classes\LoginScene</Filter>
    </ClCompile>
    <ClCompile Include="..\Classes\SnagForestScene.cpp">
      <Filter>Classes\GameScene</Filter>
    </ClCompile>
    <ClCompile Include="..\Classes\SnagForestLayer.cpp">
      <Filter>Classes\GameScene</Filter>
    </ClCompile>
    <ClCompile Include="..\Classes\Entity.cpp">
      <Filter>Classes\Entity</Filter>
    </ClCompile>
    <ClCompile Include="..\Classes\Ball.cpp">
      <Filter>Classes\Entity</Filter>
    </ClCompile>
    <ClCompile Include="..\Classes\Box2dWorld.cpp">
      <Filter>Classes\Box2d</Filter>
    </ClCompile>
    <ClCompile Include="..\Classes\GameEntries.cpp">
      <Filter>Classes\Box2d</Filter>
    </ClCompile>
    <ClCompile Include="..\Classes\GLES-Render.cpp">
      <Filter>Classes\Box2d</Filter>
    </ClCompile>
    <ClCompile Include="..\Classes\Devil.cpp">
      <Filter>Classes\Entity</Filter>
    </ClCompile>
    <ClCompile Include="..\Classes\DevilLayer.cpp">
      <Filter>Classes\GameScene</Filter>
    </ClCompile>
  </ItemGroup>
  <ItemGroup>
    <ClInclude Include="main.h">
      <Filter>win32</Filter>
    </ClInclude>
    <ClInclude Include="..\Classes\AppDelegate.h">
      <Filter>Classes</Filter>
    </ClInclude>
    <ClInclude Include="..\Classes\HelloWorldScene.h">
      <Filter>Classes</Filter>
    </ClInclude>
    <ClInclude Include="resource.h" />
    <ClInclude Include="..\Classes\LoginLayer.h">
      <Filter>Classes\LoginScene</Filter>
    </ClInclude>
    <ClInclude Include="..\Classes\LoginScene.h">
      <Filter>Classes\LoginScene</Filter>
    </ClInclude>
    <ClInclude Include="..\Classes\SettingScene.h">
      <Filter>Classes\LoginScene</Filter>
    </ClInclude>
    <ClInclude Include="..\Classes\SnagForestScene.h">
      <Filter>Classes\GameScene</Filter>
    </ClInclude>
    <ClInclude Include="..\Classes\SnagForestLayer.h">
      <Filter>Classes\GameScene</Filter>
    </ClInclude>
    <ClInclude Include="..\Classes\Entity.h">
      <Filter>Classes\Entity</Filter>
    </ClInclude>
    <ClInclude Include="..\Classes\Ball.h">
      <Filter>Classes\Entity</Filter>
    </ClInclude>
    <ClInclude Include="..\Classes\SnagForestWorld.h">
      <Filter>Classes\Box2d</Filter>
    </ClInclude>
    <ClInclude Include="..\Classes\Box2dWorld.h">
      <Filter>Classes\Box2d</Filter>
    </ClInclude>
    <ClInclude Include="..\Classes\GLES-Render.h">
      <Filter>Classes\Box2d</Filter>
    </ClInclude>
    <ClInclude Include="..\Classes\Devil.h">
      <Filter>Classes\Entity</Filter>
    </ClInclude>
    <ClInclude Include="..\Classes\DevilLayer.h">
      <Filter>Classes\GameScene</Filter>
    </ClInclude>
    <ClInclude Include="..\Classes\MsgTypeForObserver.h">
      <Filter>Classes\GameScene</Filter>
    </ClInclude>
  </ItemGroup>
  <ItemGroup>
    <ResourceCompile Include="TreasureHunt.rc" />
  </ItemGroup>
</Project>